
Microsoft Visual Studio Solution File, Format Version 12.00
# Visual Studio Version 17
VisualStudioVersion = 17.8.34330.188
MinimumVisualStudioVersion = 10.0.40219.1
Project("{2150E333-8FDC-42A3-9474-1A3956D46DE8}") = "src", "src", "{4E773352-7B89-4FD4-8D76-FB458A01FD5E}"
EndProject
Project("{FAE04EC0-301F-11D3-BF4B-00C04F79EFBC}") = "RockwellAutomation.TaskScheduler.Data", "RockwellAutomation.TaskScheduler.Data\RockwellAutomation.TaskScheduler.Data.csproj", "{E28C1D58-FDF7-47A4-A9B4-2D93A72B78BE}"
EndProject
Project("{FAE04EC0-301F-11D3-BF4B-00C04F79EFBC}") = "RockwellAutomation.TaskScheduler.API", "RockwellAutomation.TaskScheduler.API\RockwellAutomation.TaskScheduler.API.csproj", "{9917E65A-8505-44B8-B2C6-A532DAA03807}"
EndProject
Project("{FAE04EC0-301F-11D3-BF4B-00C04F79EFBC}") = "RockwellAutomation.TaskScheduler.Model", "RockwellAutomation.TaskScheduler.Model\RockwellAutomation.TaskScheduler.Model.csproj", "{CC642532-ABA0-4815-9559-66F09C5C0445}"
EndProject
Global
	GlobalSection(SolutionConfigurationPlatforms) = preSolution
		Debug|Any CPU = Debug|Any CPU
		Release|Any CPU = Release|Any CPU
	EndGlobalSection
	GlobalSection(ProjectConfigurationPlatforms) = postSolution
		{E28C1D58-FDF7-47A4-A9B4-2D93A72B78BE}.Debug|Any CPU.ActiveCfg = Debug|Any CPU
		{E28C1D58-FDF7-47A4-A9B4-2D93A72B78BE}.Debug|Any CPU.Build.0 = Debug|Any CPU
		{E28C1D58-FDF7-47A4-A9B4-2D93A72B78BE}.Release|Any CPU.ActiveCfg = Release|Any CPU
		{E28C1D58-FDF7-47A4-A9B4-2D93A72B78BE}.Release|Any CPU.Build.0 = Release|Any CPU
		{9917E65A-8505-44B8-B2C6-A532DAA03807}.Debug|Any CPU.ActiveCfg = Debug|Any CPU
		{9917E65A-8505-44B8-B2C6-A532DAA03807}.Debug|Any CPU.Build.0 = Debug|Any CPU
		{9917E65A-8505-44B8-B2C6-A532DAA03807}.Release|Any CPU.ActiveCfg = Release|Any CPU
		{9917E65A-8505-44B8-B2C6-A532DAA03807}.Release|Any CPU.Build.0 = Release|Any CPU
		{CC642532-ABA0-4815-9559-66F09C5C0445}.Debug|Any CPU.ActiveCfg = Debug|Any CPU
		{CC642532-ABA0-4815-9559-66F09C5C0445}.Debug|Any CPU.Build.0 = Debug|Any CPU
		{CC642532-ABA0-4815-9559-66F09C5C0445}.Release|Any CPU.ActiveCfg = Release|Any CPU
		{CC642532-ABA0-4815-9559-66F09C5C0445}.Release|Any CPU.Build.0 = Release|Any CPU
	EndGlobalSection
	GlobalSection(SolutionProperties) = preSolution
		HideSolutionNode = FALSE
	EndGlobalSection
	GlobalSection(NestedProjects) = preSolution
		{E28C1D58-FDF7-47A4-A9B4-2D93A72B78BE} = {4E773352-7B89-4FD4-8D76-FB458A01FD5E}
		{CC642532-ABA0-4815-9559-66F09C5C0445} = {4E773352-7B89-4FD4-8D76-FB458A01FD5E}
	EndGlobalSection
	GlobalSection(ExtensibilityGlobals) = postSolution
		SolutionGuid = {D9F7B2EA-2914-4860-A95C-A14F0523C02A}
	EndGlobalSection
EndGlobal
